
Microsoft Visual Studio Solution File, Format Version 12.00
# Visual Studio Version 17
VisualStudioVersion = 17.9.34701.34
MinimumVisualStudioVersion = 10.0.40219.1
Project("{FAE04EC0-301F-11D3-BF4B-00C04F79EFBC}") = "IfelseTest3", "IfelseTest3.csproj", "{9F952C84-DA2F-4592-9365-891D1B97E15B}"
EndProject
Global
	GlobalSection(SolutionConfigurationPlatforms) = preSolution
		Debug|Any CPU = Debug|Any CPU
		Release|Any CPU = Release|Any CPU
	EndGlobalSection
	GlobalSection(ProjectConfigurationPlatforms) = postSolution
		{9F952C84-DA2F-4592-9365-891D1B97E15B}.Debug|Any CPU.ActiveCfg = Debug|Any CPU
		{9F952C84-DA2F-4592-9365-891D1B97E15B}.Debug|Any CPU.Build.0 = Debug|Any CPU
		{9F952C84-DA2F-4592-9365-891D1B97E15B}.Release|Any CPU.ActiveCfg = Release|Any CPU
		{9F952C84-DA2F-4592-9365-891D1B97E15B}.Release|Any CPU.Build.0 = Release|Any CPU
	EndGlobalSection
	GlobalSection(SolutionProperties) = preSolution
		HideSolutionNode = FALSE
	EndGlobalSection
	GlobalSection(ExtensibilityGlobals) = postSolution
		SolutionGuid = {FE134599-3450-4F92-91B0-D22D6781C6EF}
	EndGlobalSection
EndGlobal
