
Microsoft Visual Studio Solution File, Format Version 12.00
# Visual Studio Version 17
VisualStudioVersion = 17.9.34701.34
MinimumVisualStudioVersion = 10.0.40219.1
Project("{FAE04EC0-301F-11D3-BF4B-00C04F79EFBC}") = "ThrowWithBox", "ThrowWithBox.csproj", "{4C79A41A-753E-4ADC-B824-18BF0EB14067}"
EndProject
Global
	GlobalSection(SolutionConfigurationPlatforms) = preSolution
		Debug|Any CPU = Debug|Any CPU
		Release|Any CPU = Release|Any CPU
	EndGlobalSection
	GlobalSection(ProjectConfigurationPlatforms) = postSolution
		{4C79A41A-753E-4ADC-B824-18BF0EB14067}.Debug|Any CPU.ActiveCfg = Debug|Any CPU
		{4C79A41A-753E-4ADC-B824-18BF0EB14067}.Debug|Any CPU.Build.0 = Debug|Any CPU
		{4C79A41A-753E-4ADC-B824-18BF0EB14067}.Release|Any CPU.ActiveCfg = Release|Any CPU
		{4C79A41A-753E-4ADC-B824-18BF0EB14067}.Release|Any CPU.Build.0 = Release|Any CPU
	EndGlobalSection
	GlobalSection(SolutionProperties) = preSolution
		HideSolutionNode = FALSE
	EndGlobalSection
	GlobalSection(ExtensibilityGlobals) = postSolution
		SolutionGuid = {F84A7901-8F15-4ADD-BBB7-BA5F1A12AF4D}
	EndGlobalSection
EndGlobal
