
Microsoft Visual Studio Solution File, Format Version 12.00
# Visual Studio Version 17
VisualStudioVersion = 17.9.34701.34
MinimumVisualStudioVersion = 10.0.40219.1
Project("{FAE04EC0-301F-11D3-BF4B-00C04F79EFBC}") = "LogicalOperator", "LogicalOperator.csproj", "{F4F6DC8D-2684-4F69-AFA0-32BFAD77AFC4}"
EndProject
Global
	GlobalSection(SolutionConfigurationPlatforms) = preSolution
		Debug|Any CPU = Debug|Any CPU
		Release|Any CPU = Release|Any CPU
	EndGlobalSection
	GlobalSection(ProjectConfigurationPlatforms) = postSolution
		{F4F6DC8D-2684-4F69-AFA0-32BFAD77AFC4}.Debug|Any CPU.ActiveCfg = Debug|Any CPU
		{F4F6DC8D-2684-4F69-AFA0-32BFAD77AFC4}.Debug|Any CPU.Build.0 = Debug|Any CPU
		{F4F6DC8D-2684-4F69-AFA0-32BFAD77AFC4}.Release|Any CPU.ActiveCfg = Release|Any CPU
		{F4F6DC8D-2684-4F69-AFA0-32BFAD77AFC4}.Release|Any CPU.Build.0 = Release|Any CPU
	EndGlobalSection
	GlobalSection(SolutionProperties) = preSolution
		HideSolutionNode = FALSE
	EndGlobalSection
	GlobalSection(ExtensibilityGlobals) = postSolution
		SolutionGuid = {8EE0E6F2-94F2-4B71-838F-EACB25AB13CA}
	EndGlobalSection
EndGlobal
