
Microsoft Visual Studio Solution File, Format Version 12.00
# Visual Studio Version 17
VisualStudioVersion = 17.9.34701.34
MinimumVisualStudioVersion = 10.0.40219.1
Project("{FAE04EC0-301F-11D3-BF4B-00C04F79EFBC}") = "ModelClassWithList", "ModelClassWithList.csproj", "{406CF18E-6824-4941-A659-B0526CFCA5EB}"
EndProject
Global
	GlobalSection(SolutionConfigurationPlatforms) = preSolution
		Debug|Any CPU = Debug|Any CPU
		Release|Any CPU = Release|Any CPU
	EndGlobalSection
	GlobalSection(ProjectConfigurationPlatforms) = postSolution
		{406CF18E-6824-4941-A659-B0526CFCA5EB}.Debug|Any CPU.ActiveCfg = Debug|Any CPU
		{406CF18E-6824-4941-A659-B0526CFCA5EB}.Debug|Any CPU.Build.0 = Debug|Any CPU
		{406CF18E-6824-4941-A659-B0526CFCA5EB}.Release|Any CPU.ActiveCfg = Release|Any CPU
		{406CF18E-6824-4941-A659-B0526CFCA5EB}.Release|Any CPU.Build.0 = Release|Any CPU
	EndGlobalSection
	GlobalSection(SolutionProperties) = preSolution
		HideSolutionNode = FALSE
	EndGlobalSection
	GlobalSection(ExtensibilityGlobals) = postSolution
		SolutionGuid = {425ABBD2-A4D1-4D28-80D8-17354E6E9EE5}
	EndGlobalSection
EndGlobal
