
Microsoft Visual Studio Solution File, Format Version 12.00
# Visual Studio Version 17
VisualStudioVersion = 17.9.34701.34
MinimumVisualStudioVersion = 10.0.40219.1
Project("{FAE04EC0-301F-11D3-BF4B-00C04F79EFBC}") = "InstanceVariables", "InstanceVariables.csproj", "{E5274902-3234-4DAD-92FF-BD8BB25FD864}"
EndProject
Global
	GlobalSection(SolutionConfigurationPlatforms) = preSolution
		Debug|Any CPU = Debug|Any CPU
		Release|Any CPU = Release|Any CPU
	EndGlobalSection
	GlobalSection(ProjectConfigurationPlatforms) = postSolution
		{E5274902-3234-4DAD-92FF-BD8BB25FD864}.Debug|Any CPU.ActiveCfg = Debug|Any CPU
		{E5274902-3234-4DAD-92FF-BD8BB25FD864}.Debug|Any CPU.Build.0 = Debug|Any CPU
		{E5274902-3234-4DAD-92FF-BD8BB25FD864}.Release|Any CPU.ActiveCfg = Release|Any CPU
		{E5274902-3234-4DAD-92FF-BD8BB25FD864}.Release|Any CPU.Build.0 = Release|Any CPU
	EndGlobalSection
	GlobalSection(SolutionProperties) = preSolution
		HideSolutionNode = FALSE
	EndGlobalSection
	GlobalSection(ExtensibilityGlobals) = postSolution
		SolutionGuid = {3C6191D6-5E83-40E0-A751-10AFEB6B82FF}
	EndGlobalSection
EndGlobal
