
Microsoft Visual Studio Solution File, Format Version 12.00
# Visual Studio Version 17
VisualStudioVersion = 17.9.34701.34
MinimumVisualStudioVersion = 10.0.40219.1
Project("{FAE04EC0-301F-11D3-BF4B-00C04F79EFBC}") = "IfelseTest2", "IfelseTest2.csproj", "{48C0F78B-86CC-4BF1-BF46-6F69C17A9C65}"
EndProject
Global
	GlobalSection(SolutionConfigurationPlatforms) = preSolution
		Debug|Any CPU = Debug|Any CPU
		Release|Any CPU = Release|Any CPU
	EndGlobalSection
	GlobalSection(ProjectConfigurationPlatforms) = postSolution
		{48C0F78B-86CC-4BF1-BF46-6F69C17A9C65}.Debug|Any CPU.ActiveCfg = Debug|Any CPU
		{48C0F78B-86CC-4BF1-BF46-6F69C17A9C65}.Debug|Any CPU.Build.0 = Debug|Any CPU
		{48C0F78B-86CC-4BF1-BF46-6F69C17A9C65}.Release|Any CPU.ActiveCfg = Release|Any CPU
		{48C0F78B-86CC-4BF1-BF46-6F69C17A9C65}.Release|Any CPU.Build.0 = Release|Any CPU
	EndGlobalSection
	GlobalSection(SolutionProperties) = preSolution
		HideSolutionNode = FALSE
	EndGlobalSection
	GlobalSection(ExtensibilityGlobals) = postSolution
		SolutionGuid = {AFE61E2B-6359-43FC-B65C-96AA1D0761DA}
	EndGlobalSection
EndGlobal
