
Microsoft Visual Studio Solution File, Format Version 12.00
# Visual Studio Version 17
VisualStudioVersion = 17.9.34701.34
MinimumVisualStudioVersion = 10.0.40219.1
Project("{FAE04EC0-301F-11D3-BF4B-00C04F79EFBC}") = "ReadLineTest", "ReadLineTest.csproj", "{B277F1C8-437D-467C-9C7D-5CDCFC1BC119}"
EndProject
Global
	GlobalSection(SolutionConfigurationPlatforms) = preSolution
		Debug|Any CPU = Debug|Any CPU
		Release|Any CPU = Release|Any CPU
	EndGlobalSection
	GlobalSection(ProjectConfigurationPlatforms) = postSolution
		{B277F1C8-437D-467C-9C7D-5CDCFC1BC119}.Debug|Any CPU.ActiveCfg = Debug|Any CPU
		{B277F1C8-437D-467C-9C7D-5CDCFC1BC119}.Debug|Any CPU.Build.0 = Debug|Any CPU
		{B277F1C8-437D-467C-9C7D-5CDCFC1BC119}.Release|Any CPU.ActiveCfg = Release|Any CPU
		{B277F1C8-437D-467C-9C7D-5CDCFC1BC119}.Release|Any CPU.Build.0 = Release|Any CPU
	EndGlobalSection
	GlobalSection(SolutionProperties) = preSolution
		HideSolutionNode = FALSE
	EndGlobalSection
	GlobalSection(ExtensibilityGlobals) = postSolution
		SolutionGuid = {6FF7311C-1929-4721-BA1F-25516FE2B7AF}
	EndGlobalSection
EndGlobal
