
Microsoft Visual Studio Solution File, Format Version 12.00
# Visual Studio Version 17
VisualStudioVersion = 17.9.34701.34
MinimumVisualStudioVersion = 10.0.40219.1
Project("{FAE04EC0-301F-11D3-BF4B-00C04F79EFBC}") = "ClassTest2", "ClassTest2.csproj", "{016D7AB6-E2D7-4C1B-90D7-41192DF96C47}"
EndProject
Global
	GlobalSection(SolutionConfigurationPlatforms) = preSolution
		Debug|Any CPU = Debug|Any CPU
		Release|Any CPU = Release|Any CPU
	EndGlobalSection
	GlobalSection(ProjectConfigurationPlatforms) = postSolution
		{016D7AB6-E2D7-4C1B-90D7-41192DF96C47}.Debug|Any CPU.ActiveCfg = Debug|Any CPU
		{016D7AB6-E2D7-4C1B-90D7-41192DF96C47}.Debug|Any CPU.Build.0 = Debug|Any CPU
		{016D7AB6-E2D7-4C1B-90D7-41192DF96C47}.Release|Any CPU.ActiveCfg = Release|Any CPU
		{016D7AB6-E2D7-4C1B-90D7-41192DF96C47}.Release|Any CPU.Build.0 = Release|Any CPU
	EndGlobalSection
	GlobalSection(SolutionProperties) = preSolution
		HideSolutionNode = FALSE
	EndGlobalSection
	GlobalSection(ExtensibilityGlobals) = postSolution
		SolutionGuid = {20FA2FE6-75AC-43A3-B93D-F7DAABFECC76}
	EndGlobalSection
EndGlobal
